
Microsoft Visual Studio Solution File, Format Version 12.00
# Visual Studio 15
VisualStudioVersion = 15.0.28010.2048
MinimumVisualStudioVersion = 10.0.40219.1
Project("{FAE04EC0-301F-11D3-BF4B-00C04F79EFBC}") = "PCalcVar9-10", "PCalcVar9-10\PCalcVar9-10.csproj", "{8D7D270E-1959-439D-8F39-347ED9FE2DC1}"
EndProject
Global
	GlobalSection(SolutionConfigurationPlatforms) = preSolution
		Debug|Any CPU = Debug|Any CPU
		Release|Any CPU = Release|Any CPU
	EndGlobalSection
	GlobalSection(ProjectConfigurationPlatforms) = postSolution
		{8D7D270E-1959-439D-8F39-347ED9FE2DC1}.Debug|Any CPU.ActiveCfg = Debug|Any CPU
		{8D7D270E-1959-439D-8F39-347ED9FE2DC1}.Debug|Any CPU.Build.0 = Debug|Any CPU
		{8D7D270E-1959-439D-8F39-347ED9FE2DC1}.Release|Any CPU.ActiveCfg = Release|Any CPU
		{8D7D270E-1959-439D-8F39-347ED9FE2DC1}.Release|Any CPU.Build.0 = Release|Any CPU
	EndGlobalSection
	GlobalSection(SolutionProperties) = preSolution
		HideSolutionNode = FALSE
	EndGlobalSection
	GlobalSection(ExtensibilityGlobals) = postSolution
		SolutionGuid = {23330C4F-A1D4-49AF-8BB9-F83A63BC6659}
	EndGlobalSection
EndGlobal
